// !$*UTF8*$!
{
	archiveVersion = 1;
	classes = {
	};
	objectVersion = 50;
	objects = {

/* Begin PBXBuildFile section */
		CEEB7CB024460EDA00F5EE2F /* AppDelegate.swift in Sources */ = {isa = PBXBuildFile; fileRef = CEEB7CAF24460EDA00F5EE2F /* AppDelegate.swift */; };
		CEEB7CB224460EDA00F5EE2F /* SceneDelegate.swift in Sources */ = {isa = PBXBuildFile; fileRef = CEEB7CB124460EDA00F5EE2F /* SceneDelegate.swift */; };
		CEEB7CB724460EDA00F5EE2F /* Main.storyboard in Resources */ = {isa = PBXBuildFile; fileRef = CEEB7CB524460EDA00F5EE2F /* Main.storyboard */; };
		CEEB7CB924460EDC00F5EE2F /* Assets.xcassets in Resources */ = {isa = PBXBuildFile; fileRef = CEEB7CB824460EDC00F5EE2F /* Assets.xcassets */; };
		CEEB7CBC24460EDC00F5EE2F /* LaunchScreen.storyboard in Resources */ = {isa = PBXBuildFile; fileRef = CEEB7CBA24460EDC00F5EE2F /* LaunchScreen.storyboard */; };
		CEEB7CC92446107300F5EE2F /* UsersListViewController.swift in Sources */ = {isa = PBXBuildFile; fileRef = CEEB7CC82446107300F5EE2F /* UsersListViewController.swift */; };
		CEEB7CCB2446110F00F5EE2F /* UserInfoViewController.swift in Sources */ = {isa = PBXBuildFile; fileRef = CEEB7CCA2446110F00F5EE2F /* UserInfoViewController.swift */; };
		CEEB7CCD2446125400F5EE2F /* NetworkUserManager.swift in Sources */ = {isa = PBXBuildFile; fileRef = CEEB7CCC2446125400F5EE2F /* NetworkUserManager.swift */; };
		CEEB7CD124461AED00F5EE2F /* User.swift in Sources */ = {isa = PBXBuildFile; fileRef = CEEB7CD024461AED00F5EE2F /* User.swift */; };
		CEEB7CD324461E5A00F5EE2F /* UserData.swift in Sources */ = {isa = PBXBuildFile; fileRef = CEEB7CD224461E5A00F5EE2F /* UserData.swift */; };
		CEEB7CD524492E1400F5EE2F /* CustomTableViewCell.swift in Sources */ = {isa = PBXBuildFile; fileRef = CEEB7CD424492E1400F5EE2F /* CustomTableViewCell.swift */; };
/* End PBXBuildFile section */

/* Begin PBXFileReference section */
		CEEB7CAC24460EDA00F5EE2F /* TestAssigment.app */ = {isa = PBXFileReference; explicitFileType = wrapper.application; includeInIndex = 0; path = TestAssigment.app; sourceTree = BUILT_PRODUCTS_DIR; };
		CEEB7CAF24460EDA00F5EE2F /* AppDelegate.swift */ = {isa = PBXFileReference; lastKnownFileType = sourcecode.swift; path = AppDelegate.swift; sourceTree = "<group>"; };
		CEEB7CB124460EDA00F5EE2F /* SceneDelegate.swift */ = {isa = PBXFileReference; lastKnownFileType = sourcecode.swift; path = SceneDelegate.swift; sourceTree = "<group>"; };
		CEEB7CB624460EDA00F5EE2F /* Base */ = {isa = PBXFileReference; lastKnownFileType = file.storyboard; name = Base; path = Base.lproj/Main.storyboard; sourceTree = "<group>"; };
		CEEB7CB824460EDC00F5EE2F /* Assets.xcassets */ = {isa = PBXFileReference; lastKnownFileType = folder.assetcatalog; path = Assets.xcassets; sourceTree = "<group>"; };
		CEEB7CBB24460EDC00F5EE2F /* Base */ = {isa = PBXFileReference; lastKnownFileType = file.storyboard; name = Base; path = Base.lproj/LaunchScreen.storyboard; sourceTree = "<group>"; };
		CEEB7CBD24460EDC00F5EE2F /* Info.plist */ = {isa = PBXFileReference; lastKnownFileType = text.plist.xml; path = Info.plist; sourceTree = "<group>"; };
		CEEB7CC82446107300F5EE2F /* UsersListViewController.swift */ = {isa = PBXFileReference; lastKnownFileType = sourcecode.swift; path = UsersListViewController.swift; sourceTree = "<group>"; };
		CEEB7CCA2446110F00F5EE2F /* UserInfoViewController.swift */ = {isa = PBXFileReference; lastKnownFileType = sourcecode.swift; path = UserInfoViewController.swift; sourceTree = "<group>"; };
		CEEB7CCC2446125400F5EE2F /* NetworkUserManager.swift */ = {isa = PBXFileReference; lastKnownFileType = sourcecode.swift; path = NetworkUserManager.swift; sourceTree = "<group>"; };
		CEEB7CD024461AED00F5EE2F /* User.swift */ = {isa = PBXFileReference; lastKnownFileType = sourcecode.swift; path = User.swift; sourceTree = "<group>"; };
		CEEB7CD224461E5A00F5EE2F /* UserData.swift */ = {isa = PBXFileReference; lastKnownFileType = sourcecode.swift; path = UserData.swift; sourceTree = "<group>"; };
		CEEB7CD424492E1400F5EE2F /* CustomTableViewCell.swift */ = {isa = PBXFileReference; lastKnownFileType = sourcecode.swift; path = CustomTableViewCell.swift; sourceTree = "<group>"; };
/* End PBXFileReference section */

/* Begin PBXFrameworksBuildPhase section */
		CEEB7CA924460EDA00F5EE2F /* Frameworks */ = {
			isa = PBXFrameworksBuildPhase;
			buildActionMask = 2147483647;
			files = (
			);
			runOnlyForDeploymentPostprocessing = 0;
		};
/* End PBXFrameworksBuildPhase section */

/* Begin PBXGroup section */
		CEEB7CA324460EDA00F5EE2F = {
			isa = PBXGroup;
			children = (
				CEEB7CAE24460EDA00F5EE2F /* TestAssigment */,
				CEEB7CAD24460EDA00F5EE2F /* Products */,
			);
			sourceTree = "<group>";
		};
		CEEB7CAD24460EDA00F5EE2F /* Products */ = {
			isa = PBXGroup;
			children = (
				CEEB7CAC24460EDA00F5EE2F /* TestAssigment.app */,
			);
			name = Products;
			sourceTree = "<group>";
		};
		CEEB7CAE24460EDA00F5EE2F /* TestAssigment */ = {
			isa = PBXGroup;
			children = (
				CEEB7CC724460F5300F5EE2F /* Network */,
				CEEB7CC624460F4B00F5EE2F /* SupportFiles */,
				CEEB7CC524460F4200F5EE2F /* Controller */,
				CEEB7CC424460F3C00F5EE2F /* View */,
				CEEB7CC324460F3400F5EE2F /* Model */,
			);
			path = TestAssigment;
			sourceTree = "<group>";
		};
		CEEB7CC324460F3400F5EE2F /* Model */ = {
			isa = PBXGroup;
			children = (
				CEEB7CAF24460EDA00F5EE2F /* AppDelegate.swift */,
				CEEB7CB124460EDA00F5EE2F /* SceneDelegate.swift */,
				CEEB7CD024461AED00F5EE2F /* User.swift */,
				CEEB7CD224461E5A00F5EE2F /* UserData.swift */,
			);
			path = Model;
			sourceTree = "<group>";
		};
		CEEB7CC424460F3C00F5EE2F /* View */ = {
			isa = PBXGroup;
			children = (
				CEEB7CBA24460EDC00F5EE2F /* LaunchScreen.storyboard */,
				CEEB7CB524460EDA00F5EE2F /* Main.storyboard */,
			);
			path = View;
			sourceTree = "<group>";
		};
		CEEB7CC524460F4200F5EE2F /* Controller */ = {
			isa = PBXGroup;
			children = (
				CEEB7CC82446107300F5EE2F /* UsersListViewController.swift */,
				CEEB7CCA2446110F00F5EE2F /* UserInfoViewController.swift */,
				CEEB7CD424492E1400F5EE2F /* CustomTableViewCell.swift */,
			);
			path = Controller;
			sourceTree = "<group>";
		};
		CEEB7CC624460F4B00F5EE2F /* SupportFiles */ = {
			isa = PBXGroup;
			children = (
				CEEB7CB824460EDC00F5EE2F /* Assets.xcassets */,
				CEEB7CBD24460EDC00F5EE2F /* Info.plist */,
			);
			path = SupportFiles;
			sourceTree = "<group>";
		};
		CEEB7CC724460F5300F5EE2F /* Network */ = {
			isa = PBXGroup;
			children = (
				CEEB7CCC2446125400F5EE2F /* NetworkUserManager.swift */,
			);
			path = Network;
			sourceTree = "<group>";
		};
/* End PBXGroup section */

/* Begin PBXNativeTarget section */
		CEEB7CAB24460EDA00F5EE2F /* TestAssigment */ = {
			isa = PBXNativeTarget;
			buildConfigurationList = CEEB7CC024460EDC00F5EE2F /* Build configuration list for PBXNativeTarget "TestAssigment" */;
			buildPhases = (
				CEEB7CA824460EDA00F5EE2F /* Sources */,
				CEEB7CA924460EDA00F5EE2F /* Frameworks */,
				CEEB7CAA24460EDA00F5EE2F /* Resources */,
			);
			buildRules = (
			);
			dependencies = (
			);
			name = TestAssigment;
			productName = TestAssigment;
			productReference = CEEB7CAC24460EDA00F5EE2F /* TestAssigment.app */;
			productType = "com.apple.product-type.application";
		};
/* End PBXNativeTarget section */

/* Begin PBXProject section */
		CEEB7CA424460EDA00F5EE2F /* Project object */ = {
			isa = PBXProject;
			attributes = {
				LastSwiftUpdateCheck = 1140;
				LastUpgradeCheck = 1140;
				ORGANIZATIONNAME = TarasenkoSerhii;
				TargetAttributes = {
					CEEB7CAB24460EDA00F5EE2F = {
						CreatedOnToolsVersion = 11.4;
					};
				};
			};
			buildConfigurationList = CEEB7CA724460EDA00F5EE2F /* Build configuration list for PBXProject "TestAssigment" */;
			compatibilityVersion = "Xcode 9.3";
			developmentRegion = en;
			hasScannedForEncodings = 0;
			knownRegions = (
				en,
				Base,
			);
			mainGroup = CEEB7CA324460EDA00F5EE2F;
			productRefGroup = CEEB7CAD24460EDA00F5EE2F /* Products */;
			projectDirPath = "";
			projectRoot = "";
			targets = (
				CEEB7CAB24460EDA00F5EE2F /* TestAssigment */,
			);
		};
/* End PBXProject section */

/* Begin PBXResourcesBuildPhase section */
		CEEB7CAA24460EDA00F5EE2F /* Resources */ = {
			isa = PBXResourcesBuildPhase;
			buildActionMask = 2147483647;
			files = (
				CEEB7CBC24460EDC00F5EE2F /* LaunchScreen.storyboard in Resources */,
				CEEB7CB924460EDC00F5EE2F /* Assets.xcassets in Resources */,
				CEEB7CB724460EDA00F5EE2F /* Main.storyboard in Resources */,
			);
			runOnlyForDeploymentPostprocessing = 0;
		};
/* End PBXResourcesBuildPhase section */

/* Begin PBXSourcesBuildPhase section */
		CEEB7CA824460EDA00F5EE2F /* Sources */ = {
			isa = PBXSourcesBuildPhase;
			buildActionMask = 2147483647;
			files = (
				CEEB7CB024460EDA00F5EE2F /* AppDelegate.swift in Sources */,
				CEEB7CCB2446110F00F5EE2F /* UserInfoViewController.swift in Sources */,
				CEEB7CD524492E1400F5EE2F /* CustomTableViewCell.swift in Sources */,
				CEEB7CD324461E5A00F5EE2F /* UserData.swift in Sources */,
				CEEB7CCD2446125400F5EE2F /* NetworkUserManager.swift in Sources */,
				CEEB7CC92446107300F5EE2F /* UsersListViewController.swift in Sources */,
				CEEB7CB224460EDA00F5EE2F /* SceneDelegate.swift in Sources */,
				CEEB7CD124461AED00F5EE2F /* User.swift in Sources */,
			);
			runOnlyForDeploymentPostprocessing = 0;
		};
/* End PBXSourcesBuildPhase section */

/* Begin PBXVariantGroup section */
		CEEB7CB524460EDA00F5EE2F /* Main.storyboard */ = {
			isa = PBXVariantGroup;
			children = (
				CEEB7CB624460EDA00F5EE2F /* Base */,
			);
			name = Main.storyboard;
			sourceTree = "<group>";
		};
		CEEB7CBA24460EDC00F5EE2F /* LaunchScreen.storyboard */ = {
			isa = PBXVariantGroup;
			children = (
				CEEB7CBB24460EDC00F5EE2F /* Base */,
			);
			name = LaunchScreen.storyboard;
			sourceTree = "<group>";
		};
/* End PBXVariantGroup section */

/* Begin XCBuildConfiguration section */
		CEEB7CBE24460EDC00F5EE2F /* Debug */ = {
			isa = XCBuildConfiguration;
			buildSettings = {
				ALWAYS_SEARCH_USER_PATHS = NO;
				CLANG_ANALYZER_NONNULL = YES;
				CLANG_ANALYZER_NUMBER_OBJECT_CONVERSION = YES_AGGRESSIVE;
				CLANG_CXX_LANGUAGE_STANDARD = "gnu++14";
				CLANG_CXX_LIBRARY = "libc++";
				CLANG_ENABLE_MODULES = YES;
				CLANG_ENABLE_OBJC_ARC = YES;
				CLANG_ENABLE_OBJC_WEAK = YES;
				CLANG_WARN_BLOCK_CAPTURE_AUTORELEASING = YES;
				CLANG_WARN_BOOL_CONVERSION = YES;
				CLANG_WARN_COMMA = YES;
				CLANG_WARN_CONSTANT_CONVERSION = YES;
				CLANG_WARN_DEPRECATED_OBJC_IMPLEMENTATIONS = YES;
				CLANG_WARN_DIRECT_OBJC_ISA_USAGE = YES_ERROR;
				CLANG_WARN_DOCUMENTATION_COMMENTS = YES;
				CLANG_WARN_EMPTY_BODY = YES;
				CLANG_WARN_ENUM_CONVERSION = YES;
				CLANG_WARN_INFINITE_RECURSION = YES;
				CLANG_WARN_INT_CONVERSION = YES;
				CLANG_WARN_NON_LITERAL_NULL_CONVERSION = YES;
				CLANG_WARN_OBJC_IMPLICIT_RETAIN_SELF = YES;
				CLANG_WARN_OBJC_LITERAL_CONVERSION = YES;
				CLANG_WARN_OBJC_ROOT_CLASS = YES_ERROR;
				CLANG_WARN_RANGE_LOOP_ANALYSIS = YES;
				CLANG_WARN_STRICT_PROTOTYPES = YES;
				CLANG_WARN_SUSPICIOUS_MOVE = YES;
				CLANG_WARN_UNGUARDED_AVAILABILITY = YES_AGGRESSIVE;
				CLANG_WARN_UNREACHABLE_CODE = YES;
				CLANG_WARN__DUPLICATE_METHOD_MATCH = YES;
				COPY_PHASE_STRIP = NO;
				DEBUG_INFORMATION_FORMAT = dwarf;
				ENABLE_STRICT_OBJC_MSGSEND = YES;
				ENABLE_TESTABILITY = YES;
				GCC_C_LANGUAGE_STANDARD = gnu11;
				GCC_DYNAMIC_NO_PIC = NO;
				GCC_NO_COMMON_BLOCKS = YES;
				GCC_OPTIMIZATION_LEVEL = 0;
				GCC_PREPROCESSOR_DEFINITIONS = (
					"DEBUG=1",
					"$(inherited)",
				);
				GCC_WARN_64_TO_32_BIT_CONVERSION = YES;
				GCC_WARN_ABOUT_RETURN_TYPE = YES_ERROR;
				GCC_WARN_UNDECLARED_SELECTOR = YES;
				GCC_WARN_UNINITIALIZED_AUTOS = YES_AGGRESSIVE;
				GCC_WARN_UNUSED_FUNCTION = YES;
				GCC_WARN_UNUSED_VARIABLE = YES;
				IPHONEOS_DEPLOYMENT_TARGET = 13.4;
				MTL_ENABLE_DEBUG_INFO = INCLUDE_SOURCE;
				MTL_FAST_MATH = YES;
				ONLY_ACTIVE_ARCH = YES;
				SDKROOT = iphoneos;
				SWIFT_ACTIVE_COMPILATION_CONDITIONS = DEBUG;
				SWIFT_OPTIMIZATION_LEVEL = "-Onone";
			};
			name = Debug;
		};
		CEEB7CBF24460EDC00F5EE2F /* Release */ = {
			isa = XCBuildConfiguration;
			buildSettings = {
				ALWAYS_SEARCH_USER_PATHS = NO;
				CLANG_ANALYZER_NONNULL = YES;
				CLANG_ANALYZER_NUMBER_OBJECT_CONVERSION = YES_AGGRESSIVE;
				CLANG_CXX_LANGUAGE_STANDARD = "gnu++14";
				CLANG_CXX_LIBRARY = "libc++";
				CLANG_ENABLE_MODULES = YES;
				CLANG_ENABLE_OBJC_ARC = YES;
				CLANG_ENABLE_OBJC_WEAK = YES;
				CLANG_WARN_BLOCK_CAPTURE_AUTORELEASING = YES;
				CLANG_WARN_BOOL_CONVERSION = YES;
				CLANG_WARN_COMMA = YES;
				CLANG_WARN_CONSTANT_CONVERSION = YES;
				CLANG_WARN_DEPRECATED_OBJC_IMPLEMENTATIONS = YES;
				CLANG_WARN_DIRECT_OBJC_ISA_USAGE = YES_ERROR;
				CLANG_WARN_DOCUMENTATION_COMMENTS = YES;
				CLANG_WARN_EMPTY_BODY = YES;
				CLANG_WARN_ENUM_CONVERSION = YES;
				CLANG_WARN_INFINITE_RECURSION = YES;
				CLANG_WARN_INT_CONVERSION = YES;
				CLANG_WARN_NON_LITERAL_NULL_CONVERSION = YES;
				CLANG_WARN_OBJC_IMPLICIT_RETAIN_SELF = YES;
				CLANG_WARN_OBJC_LITERAL_CONVERSION = YES;
				CLANG_WARN_OBJC_ROOT_CLASS = YES_ERROR;
				CLANG_WARN_RANGE_LOOP_ANALYSIS = YES;
				CLANG_WARN_STRICT_PROTOTYPES = YES;
				CLANG_WARN_SUSPICIOUS_MOVE = YES;
				CLANG_WARN_UNGUARDED_AVAILABILITY = YES_AGGRESSIVE;
				CLANG_WARN_UNREACHABLE_CODE = YES;
				CLANG_WARN__DUPLICATE_METHOD_MATCH = YES;
				COPY_PHASE_STRIP = NO;
				DEBUG_INFORMATION_FORMAT = "dwarf-with-dsym";
				ENABLE_NS_ASSERTIONS = NO;
				ENABLE_STRICT_OBJC_MSGSEND = YES;
				GCC_C_LANGUAGE_STANDARD = gnu11;
				GCC_NO_COMMON_BLOCKS = YES;
				GCC_WARN_64_TO_32_BIT_CONVERSION = YES;
				GCC_WARN_ABOUT_RETURN_TYPE = YES_ERROR;
				GCC_WARN_UNDECLARED_SELECTOR = YES;
				GCC_WARN_UNINITIALIZED_AUTOS = YES_AGGRESSIVE;
				GCC_WARN_UNUSED_FUNCTION = YES;
				GCC_WARN_UNUSED_VARIABLE = YES;
				IPHONEOS_DEPLOYMENT_TARGET = 13.4;
				MTL_ENABLE_DEBUG_INFO = NO;
				MTL_FAST_MATH = YES;
				SDKROOT = iphoneos;
				SWIFT_COMPILATION_MODE = wholemodule;
				SWIFT_OPTIMIZATION_LEVEL = "-O";
				VALIDATE_PRODUCT = YES;
			};
			name = Release;
		};
		CEEB7CC124460EDC00F5EE2F /* Debug */ = {
			isa = XCBuildConfiguration;
			buildSettings = {
				ASSETCATALOG_COMPILER_APPICON_NAME = AppIcon;
				CODE_SIGN_STYLE = Automatic;
				DEVELOPMENT_TEAM = 9K7WCDXH6U;
				INFOPLIST_FILE = "$(SRCROOT)/TestAssigment/SupportFiles/Info.plist";
				LD_RUNPATH_SEARCH_PATHS = (
					"$(inherited)",
					"@executable_path/Frameworks",
				);
				PRODUCT_BUNDLE_IDENTIFIER = TarasenkoSerhii.TestAssigment;
				PRODUCT_NAME = "$(TARGET_NAME)";
				SWIFT_VERSION = 5.0;
				TARGETED_DEVICE_FAMILY = 1;
			};
			name = Debug;
		};
		CEEB7CC224460EDC00F5EE2F /* Release */ = {
			isa = XCBuildConfiguration;
			buildSettings = {
				ASSETCATALOG_COMPILER_APPICON_NAME = AppIcon;
				CODE_SIGN_STYLE = Automatic;
				DEVELOPMENT_TEAM = 9K7WCDXH6U;
				INFOPLIST_FILE = "$(SRCROOT)/TestAssigment/SupportFiles/Info.plist";
				LD_RUNPATH_SEARCH_PATHS = (
					"$(inherited)",
					"@executable_path/Frameworks",
				);
				PRODUCT_BUNDLE_IDENTIFIER = TarasenkoSerhii.TestAssigment;
				PRODUCT_NAME = "$(TARGET_NAME)";
				SWIFT_VERSION = 5.0;
				TARGETED_DEVICE_FAMILY = 1;
			};
			name = Release;
		};
/* End XCBuildConfiguration section */

/* Begin XCConfigurationList section */
		CEEB7CA724460EDA00F5EE2F /* Build configuration list for PBXProject "TestAssigment" */ = {
			isa = XCConfigurationList;
			buildConfigurations = (
				CEEB7CBE24460EDC00F5EE2F /* Debug */,
				CEEB7CBF24460EDC00F5EE2F /* Release */,
			);
			defaultConfigurationIsVisible = 0;
			defaultConfigurationName = Release;
		};
		CEEB7CC024460EDC00F5EE2F /* Build configuration list for PBXNativeTarget "TestAssigment" */ = {
			isa = XCConfigurationList;
			buildConfigurations = (
				CEEB7CC124460EDC00F5EE2F /* Debug */,
				CEEB7CC224460EDC00F5EE2F /* Release */,
			);
			defaultConfigurationIsVisible = 0;
			defaultConfigurationName = Release;
		};
/* End XCConfigurationList section */
	};
	rootObject = CEEB7CA424460EDA00F5EE2F /* Project object */;
}
